
Microsoft Visual Studio Solution File, Format Version 12.00
# Visual Studio Version 17
VisualStudioVersion = 17.7.34202.233
MinimumVisualStudioVersion = 10.0.40219.1
Project("{FAE04EC0-301F-11D3-BF4B-00C04F79EFBC}") = "TheatreDB", "TheatreDB\TheatreDB.csproj", "{3E2C4D82-9078-49DE-9944-E95B935E3FB7}"
EndProject
Global
	GlobalSection(SolutionConfigurationPlatforms) = preSolution
		Debug|Any CPU = Debug|Any CPU
		Release|Any CPU = Release|Any CPU
	EndGlobalSection
	GlobalSection(ProjectConfigurationPlatforms) = postSolution
		{3E2C4D82-9078-49DE-9944-E95B935E3FB7}.Debug|Any CPU.ActiveCfg = Debug|Any CPU
		{3E2C4D82-9078-49DE-9944-E95B935E3FB7}.Debug|Any CPU.Build.0 = Debug|Any CPU
		{3E2C4D82-9078-49DE-9944-E95B935E3FB7}.Release|Any CPU.ActiveCfg = Release|Any CPU
		{3E2C4D82-9078-49DE-9944-E95B935E3FB7}.Release|Any CPU.Build.0 = Release|Any CPU
	EndGlobalSection
	GlobalSection(SolutionProperties) = preSolution
		HideSolutionNode = FALSE
	EndGlobalSection
	GlobalSection(ExtensibilityGlobals) = postSolution
		SolutionGuid = {5EC8AF69-64E7-467A-8387-0FD4F35F8D5D}
	EndGlobalSection
EndGlobal
